
Microsoft Visual Studio Solution File, Format Version 12.00
# Visual Studio Version 17
VisualStudioVersion = 17.14.36623.8
MinimumVisualStudioVersion = 10.0.40219.1
Project("{FAE04EC0-301F-11D3-BF4B-00C04F79EFBC}") = "TemaASSP", "TemaASSP\TemaASSP.csproj", "{8B7E9889-5D96-4AD6-8D95-A89A5F95250E}"
EndProject
Project("{2150E333-8FDC-42A3-9474-1A3956D46DE8}") = "docs", "docs", "{02EA681E-C7D8-13C7-8484-4AC65E1B71E8}"
EndProject
Project("{2150E333-8FDC-42A3-9474-1A3956D46DE8}") = "sources", "sources", "{1FDC044C-2666-427D-B6A8-2D31FBE90C9F}"
EndProject
Project("{2150E333-8FDC-42A3-9474-1A3956D46DE8}") = "DataLayer", "DataLayer", "{AF34220F-A5B6-4105-B815-112F052B5F9D}"
EndProject
Project("{FAE04EC0-301F-11D3-BF4B-00C04F79EFBC}") = "DataMapper", "DataMapper\DataMapper.csproj", "{1B0CB0D3-764A-4556-805F-CF583D4CF81D}"
EndProject
Project("{2150E333-8FDC-42A3-9474-1A3956D46DE8}") = "DomainLayer", "DomainLayer", "{DB06A7C7-3611-48D1-A4EE-FE83034BDB49}"
EndProject
Project("{2150E333-8FDC-42A3-9474-1A3956D46DE8}") = "DomainModel", "DomainModel", "{BE872B33-37EC-45E5-8048-54E1CADAC4C9}"
EndProject
Project("{FAE04EC0-301F-11D3-BF4B-00C04F79EFBC}") = "DomainModel", "DomainModel\DomainModel.csproj", "{F72E2ADE-1CC8-4CFB-9B20-AC2D1FF3096F}"
EndProject
Project("{FAE04EC0-301F-11D3-BF4B-00C04F79EFBC}") = "TestDomainModel", "TestDomainModel\TestDomainModel.csproj", "{81944A0B-2CCD-4DF5-B8D5-6F12C15B1F5D}"
EndProject
Project("{2150E333-8FDC-42A3-9474-1A3956D46DE8}") = "ServiceLayer", "ServiceLayer", "{9F4946A6-3DC6-498E-9A64-399B8FBA5BF0}"
EndProject
Project("{FAE04EC0-301F-11D3-BF4B-00C04F79EFBC}") = "ServiceLayer", "ServiceLayer\ServiceLayer.csproj", "{D85DA25F-0A16-4398-917B-20AA2AED8524}"
EndProject
Project("{FAE04EC0-301F-11D3-BF4B-00C04F79EFBC}") = "TestServiceLayer", "TestServiceLayer\TestServiceLayer.csproj", "{8109DC6B-726C-45C0-99DB-37923A5BD6E9}"
EndProject
Project("{2150E333-8FDC-42A3-9474-1A3956D46DE8}") = "UserInterface", "UserInterface", "{A2EAECB5-95FB-48CF-B727-46C555378956}"
EndProject
Project("{2150E333-8FDC-42A3-9474-1A3956D46DE8}") = "Console", "Console", "{A9A9D439-6DF1-4C20-9517-42958C59B174}"
EndProject
Project("{FAE04EC0-301F-11D3-BF4B-00C04F79EFBC}") = "MyConsoleApplication", "MyConsoleApplication\MyConsoleApplication.csproj", "{70894EC6-2E55-4343-B419-14D2CF41599F}"
EndProject
Global
	GlobalSection(SolutionConfigurationPlatforms) = preSolution
		Debug|Any CPU = Debug|Any CPU
		Release|Any CPU = Release|Any CPU
	EndGlobalSection
	GlobalSection(ProjectConfigurationPlatforms) = postSolution
		{8B7E9889-5D96-4AD6-8D95-A89A5F95250E}.Debug|Any CPU.ActiveCfg = Debug|Any CPU
		{8B7E9889-5D96-4AD6-8D95-A89A5F95250E}.Debug|Any CPU.Build.0 = Debug|Any CPU
		{8B7E9889-5D96-4AD6-8D95-A89A5F95250E}.Release|Any CPU.ActiveCfg = Release|Any CPU
		{8B7E9889-5D96-4AD6-8D95-A89A5F95250E}.Release|Any CPU.Build.0 = Release|Any CPU
		{1B0CB0D3-764A-4556-805F-CF583D4CF81D}.Debug|Any CPU.ActiveCfg = Debug|Any CPU
		{1B0CB0D3-764A-4556-805F-CF583D4CF81D}.Debug|Any CPU.Build.0 = Debug|Any CPU
		{1B0CB0D3-764A-4556-805F-CF583D4CF81D}.Release|Any CPU.ActiveCfg = Release|Any CPU
		{1B0CB0D3-764A-4556-805F-CF583D4CF81D}.Release|Any CPU.Build.0 = Release|Any CPU
		{F72E2ADE-1CC8-4CFB-9B20-AC2D1FF3096F}.Debug|Any CPU.ActiveCfg = Debug|Any CPU
		{F72E2ADE-1CC8-4CFB-9B20-AC2D1FF3096F}.Debug|Any CPU.Build.0 = Debug|Any CPU
		{F72E2ADE-1CC8-4CFB-9B20-AC2D1FF3096F}.Release|Any CPU.ActiveCfg = Release|Any CPU
		{F72E2ADE-1CC8-4CFB-9B20-AC2D1FF3096F}.Release|Any CPU.Build.0 = Release|Any CPU
		{81944A0B-2CCD-4DF5-B8D5-6F12C15B1F5D}.Debug|Any CPU.ActiveCfg = Debug|Any CPU
		{81944A0B-2CCD-4DF5-B8D5-6F12C15B1F5D}.Debug|Any CPU.Build.0 = Debug|Any CPU
		{81944A0B-2CCD-4DF5-B8D5-6F12C15B1F5D}.Release|Any CPU.ActiveCfg = Release|Any CPU
		{81944A0B-2CCD-4DF5-B8D5-6F12C15B1F5D}.Release|Any CPU.Build.0 = Release|Any CPU
		{D85DA25F-0A16-4398-917B-20AA2AED8524}.Debug|Any CPU.ActiveCfg = Debug|Any CPU
		{D85DA25F-0A16-4398-917B-20AA2AED8524}.Debug|Any CPU.Build.0 = Debug|Any CPU
		{D85DA25F-0A16-4398-917B-20AA2AED8524}.Release|Any CPU.ActiveCfg = Release|Any CPU
		{D85DA25F-0A16-4398-917B-20AA2AED8524}.Release|Any CPU.Build.0 = Release|Any CPU
		{8109DC6B-726C-45C0-99DB-37923A5BD6E9}.Debug|Any CPU.ActiveCfg = Debug|Any CPU
		{8109DC6B-726C-45C0-99DB-37923A5BD6E9}.Debug|Any CPU.Build.0 = Debug|Any CPU
		{8109DC6B-726C-45C0-99DB-37923A5BD6E9}.Release|Any CPU.ActiveCfg = Release|Any CPU
		{8109DC6B-726C-45C0-99DB-37923A5BD6E9}.Release|Any CPU.Build.0 = Release|Any CPU
		{70894EC6-2E55-4343-B419-14D2CF41599F}.Debug|Any CPU.ActiveCfg = Debug|Any CPU
		{70894EC6-2E55-4343-B419-14D2CF41599F}.Debug|Any CPU.Build.0 = Debug|Any CPU
		{70894EC6-2E55-4343-B419-14D2CF41599F}.Release|Any CPU.ActiveCfg = Release|Any CPU
		{70894EC6-2E55-4343-B419-14D2CF41599F}.Release|Any CPU.Build.0 = Release|Any CPU
	EndGlobalSection
	GlobalSection(SolutionProperties) = preSolution
		HideSolutionNode = FALSE
	EndGlobalSection
	GlobalSection(NestedProjects) = preSolution
		{AF34220F-A5B6-4105-B815-112F052B5F9D} = {1FDC044C-2666-427D-B6A8-2D31FBE90C9F}
		{1B0CB0D3-764A-4556-805F-CF583D4CF81D} = {AF34220F-A5B6-4105-B815-112F052B5F9D}
		{DB06A7C7-3611-48D1-A4EE-FE83034BDB49} = {1FDC044C-2666-427D-B6A8-2D31FBE90C9F}
		{BE872B33-37EC-45E5-8048-54E1CADAC4C9} = {DB06A7C7-3611-48D1-A4EE-FE83034BDB49}
		{F72E2ADE-1CC8-4CFB-9B20-AC2D1FF3096F} = {BE872B33-37EC-45E5-8048-54E1CADAC4C9}
		{81944A0B-2CCD-4DF5-B8D5-6F12C15B1F5D} = {BE872B33-37EC-45E5-8048-54E1CADAC4C9}
		{9F4946A6-3DC6-498E-9A64-399B8FBA5BF0} = {DB06A7C7-3611-48D1-A4EE-FE83034BDB49}
		{D85DA25F-0A16-4398-917B-20AA2AED8524} = {9F4946A6-3DC6-498E-9A64-399B8FBA5BF0}
		{8109DC6B-726C-45C0-99DB-37923A5BD6E9} = {9F4946A6-3DC6-498E-9A64-399B8FBA5BF0}
		{A2EAECB5-95FB-48CF-B727-46C555378956} = {1FDC044C-2666-427D-B6A8-2D31FBE90C9F}
		{A9A9D439-6DF1-4C20-9517-42958C59B174} = {A2EAECB5-95FB-48CF-B727-46C555378956}
		{70894EC6-2E55-4343-B419-14D2CF41599F} = {A9A9D439-6DF1-4C20-9517-42958C59B174}
	EndGlobalSection
	GlobalSection(ExtensibilityGlobals) = postSolution
		SolutionGuid = {79D24FD3-8210-4F21-B559-50BC4B516B43}
	EndGlobalSection
EndGlobal
